
Microsoft Visual Studio Solution File, Format Version 12.00
# Visual Studio Version 17
VisualStudioVersion = 17.12.35707.178
MinimumVisualStudioVersion = 10.0.40219.1
Project("{FAE04EC0-301F-11D3-BF4B-00C04F79EFBC}") = "SomeDatabaseStuff", "SomeDatabaseStuff\SomeDatabaseStuff.csproj", "{5F0111CA-06B9-45C5-93C1-A91D2F61FFE5}"
EndProject
Project("{FAE04EC0-301F-11D3-BF4B-00C04F79EFBC}") = "ProductManager_WithDB", "ProductManager_WithDB\ProductManager_WithDB.csproj", "{BE3434FF-BB97-4B07-8765-3603DA76E1BF}"
EndProject
Project("{FAE04EC0-301F-11D3-BF4B-00C04F79EFBC}") = "StationaryStuffManager", "StationaryStuffManager\StationaryStuffManager.csproj", "{E85B31F2-9B48-43C7-8F1F-0F759E749E7A}"
EndProject
Project("{FAE04EC0-301F-11D3-BF4B-00C04F79EFBC}") = "GamesHehehe", "GamesHehehe\GamesHehehe.csproj", "{3EBA56FA-8EF2-4694-A971-F0DD236E374A}"
EndProject
Project("{FAE04EC0-301F-11D3-BF4B-00C04F79EFBC}") = "GamesDomainLibrary", "GamesDomainLibrary\GamesDomainLibrary.csproj", "{8CEB5115-5826-4FA3-AE0C-61B3CA69C159}"
EndProject
Project("{FAE04EC0-301F-11D3-BF4B-00C04F79EFBC}") = "GameDBManager", "GameDBManager\GameDBManager.csproj", "{FDA341C6-25DF-4C45-8DAA-F708FB8D06EF}"
EndProject
Global
	GlobalSection(SolutionConfigurationPlatforms) = preSolution
		Debug|Any CPU = Debug|Any CPU
		Release|Any CPU = Release|Any CPU
	EndGlobalSection
	GlobalSection(ProjectConfigurationPlatforms) = postSolution
		{5F0111CA-06B9-45C5-93C1-A91D2F61FFE5}.Debug|Any CPU.ActiveCfg = Debug|Any CPU
		{5F0111CA-06B9-45C5-93C1-A91D2F61FFE5}.Debug|Any CPU.Build.0 = Debug|Any CPU
		{5F0111CA-06B9-45C5-93C1-A91D2F61FFE5}.Release|Any CPU.ActiveCfg = Release|Any CPU
		{5F0111CA-06B9-45C5-93C1-A91D2F61FFE5}.Release|Any CPU.Build.0 = Release|Any CPU
		{BE3434FF-BB97-4B07-8765-3603DA76E1BF}.Debug|Any CPU.ActiveCfg = Debug|Any CPU
		{BE3434FF-BB97-4B07-8765-3603DA76E1BF}.Debug|Any CPU.Build.0 = Debug|Any CPU
		{BE3434FF-BB97-4B07-8765-3603DA76E1BF}.Release|Any CPU.ActiveCfg = Release|Any CPU
		{BE3434FF-BB97-4B07-8765-3603DA76E1BF}.Release|Any CPU.Build.0 = Release|Any CPU
		{E85B31F2-9B48-43C7-8F1F-0F759E749E7A}.Debug|Any CPU.ActiveCfg = Debug|Any CPU
		{E85B31F2-9B48-43C7-8F1F-0F759E749E7A}.Debug|Any CPU.Build.0 = Debug|Any CPU
		{E85B31F2-9B48-43C7-8F1F-0F759E749E7A}.Release|Any CPU.ActiveCfg = Release|Any CPU
		{E85B31F2-9B48-43C7-8F1F-0F759E749E7A}.Release|Any CPU.Build.0 = Release|Any CPU
		{3EBA56FA-8EF2-4694-A971-F0DD236E374A}.Debug|Any CPU.ActiveCfg = Debug|Any CPU
		{3EBA56FA-8EF2-4694-A971-F0DD236E374A}.Debug|Any CPU.Build.0 = Debug|Any CPU
		{3EBA56FA-8EF2-4694-A971-F0DD236E374A}.Release|Any CPU.ActiveCfg = Release|Any CPU
		{3EBA56FA-8EF2-4694-A971-F0DD236E374A}.Release|Any CPU.Build.0 = Release|Any CPU
		{8CEB5115-5826-4FA3-AE0C-61B3CA69C159}.Debug|Any CPU.ActiveCfg = Debug|Any CPU
		{8CEB5115-5826-4FA3-AE0C-61B3CA69C159}.Debug|Any CPU.Build.0 = Debug|Any CPU
		{8CEB5115-5826-4FA3-AE0C-61B3CA69C159}.Release|Any CPU.ActiveCfg = Release|Any CPU
		{8CEB5115-5826-4FA3-AE0C-61B3CA69C159}.Release|Any CPU.Build.0 = Release|Any CPU
		{FDA341C6-25DF-4C45-8DAA-F708FB8D06EF}.Debug|Any CPU.ActiveCfg = Debug|Any CPU
		{FDA341C6-25DF-4C45-8DAA-F708FB8D06EF}.Debug|Any CPU.Build.0 = Debug|Any CPU
		{FDA341C6-25DF-4C45-8DAA-F708FB8D06EF}.Release|Any CPU.ActiveCfg = Release|Any CPU
		{FDA341C6-25DF-4C45-8DAA-F708FB8D06EF}.Release|Any CPU.Build.0 = Release|Any CPU
	EndGlobalSection
	GlobalSection(SolutionProperties) = preSolution
		HideSolutionNode = FALSE
	EndGlobalSection
EndGlobal
